// !$*UTF8*$!
{
	archiveVersion = 1;
	classes = {
	};
	objectVersion = 56;
	objects = {

/* Begin PBXBuildFile section */
		8C0C27102C1269F400753F74 /* SmallExpensesApp.swift in Sources */ = {isa = PBXBuildFile; fileRef = 8C0C270F2C1269F400753F74 /* SmallExpensesApp.swift */; };
		8C0C27122C1269F400753F74 /* ContentView.swift in Sources */ = {isa = PBXBuildFile; fileRef = 8C0C27112C1269F400753F74 /* ContentView.swift */; };
		8C0C27142C1269F700753F74 /* Assets.xcassets in Resources */ = {isa = PBXBuildFile; fileRef = 8C0C27132C1269F700753F74 /* Assets.xcassets */; };
		8C0C27172C1269F700753F74 /* Preview Assets.xcassets in Resources */ = {isa = PBXBuildFile; fileRef = 8C0C27162C1269F700753F74 /* Preview Assets.xcassets */; };
		8C0C27212C1269F700753F74 /* SmallExpensesTests.swift in Sources */ = {isa = PBXBuildFile; fileRef = 8C0C27202C1269F700753F74 /* SmallExpensesTests.swift */; };
		8C0C272B2C1269F700753F74 /* SmallExpensesUITests.swift in Sources */ = {isa = PBXBuildFile; fileRef = 8C0C272A2C1269F700753F74 /* SmallExpensesUITests.swift */; };
		8C0C272D2C1269F700753F74 /* SmallExpensesUITestsLaunchTests.swift in Sources */ = {isa = PBXBuildFile; fileRef = 8C0C272C2C1269F700753F74 /* SmallExpensesUITestsLaunchTests.swift */; };
		8C0C273B2C126C8A00753F74 /* GRDB in Frameworks */ = {isa = PBXBuildFile; productRef = 8C0C273A2C126C8A00753F74 /* GRDB */; };
		8C0C273F2C126E9800753F74 /* mockDB.db in Resources */ = {isa = PBXBuildFile; fileRef = 8C0C273E2C126E9800753F74 /* mockDB.db */; };
/* End PBXBuildFile section */

/* Begin PBXContainerItemProxy section */
		8C0C271D2C1269F700753F74 /* PBXContainerItemProxy */ = {
			isa = PBXContainerItemProxy;
			containerPortal = 8C0C27042C1269F400753F74 /* Project object */;
			proxyType = 1;
			remoteGlobalIDString = 8C0C270B2C1269F400753F74;
			remoteInfo = SmallExpenses;
		};
		8C0C27272C1269F700753F74 /* PBXContainerItemProxy */ = {
			isa = PBXContainerItemProxy;
			containerPortal = 8C0C27042C1269F400753F74 /* Project object */;
			proxyType = 1;
			remoteGlobalIDString = 8C0C270B2C1269F400753F74;
			remoteInfo = SmallExpenses;
		};
/* End PBXContainerItemProxy section */

/* Begin PBXFileReference section */
		8C0C270C2C1269F400753F74 /* SmallExpenses.app */ = {isa = PBXFileReference; explicitFileType = wrapper.application; includeInIndex = 0; path = SmallExpenses.app; sourceTree = BUILT_PRODUCTS_DIR; };
		8C0C270F2C1269F400753F74 /* SmallExpensesApp.swift */ = {isa = PBXFileReference; lastKnownFileType = sourcecode.swift; path = SmallExpensesApp.swift; sourceTree = "<group>"; };
		8C0C27112C1269F400753F74 /* ContentView.swift */ = {isa = PBXFileReference; lastKnownFileType = sourcecode.swift; path = ContentView.swift; sourceTree = "<group>"; };
		8C0C27132C1269F700753F74 /* Assets.xcassets */ = {isa = PBXFileReference; lastKnownFileType = folder.assetcatalog; path = Assets.xcassets; sourceTree = "<group>"; };
		8C0C27162C1269F700753F74 /* Preview Assets.xcassets */ = {isa = PBXFileReference; lastKnownFileType = folder.assetcatalog; path = "Preview Assets.xcassets"; sourceTree = "<group>"; };
		8C0C271C2C1269F700753F74 /* SmallExpensesTests.xctest */ = {isa = PBXFileReference; explicitFileType = wrapper.cfbundle; includeInIndex = 0; path = SmallExpensesTests.xctest; sourceTree = BUILT_PRODUCTS_DIR; };
		8C0C27202C1269F700753F74 /* SmallExpensesTests.swift */ = {isa = PBXFileReference; lastKnownFileType = sourcecode.swift; path = SmallExpensesTests.swift; sourceTree = "<group>"; };
		8C0C27262C1269F700753F74 /* SmallExpensesUITests.xctest */ = {isa = PBXFileReference; explicitFileType = wrapper.cfbundle; includeInIndex = 0; path = SmallExpensesUITests.xctest; sourceTree = BUILT_PRODUCTS_DIR; };
		8C0C272A2C1269F700753F74 /* SmallExpensesUITests.swift */ = {isa = PBXFileReference; lastKnownFileType = sourcecode.swift; path = SmallExpensesUITests.swift; sourceTree = "<group>"; };
		8C0C272C2C1269F700753F74 /* SmallExpensesUITestsLaunchTests.swift */ = {isa = PBXFileReference; lastKnownFileType = sourcecode.swift; path = SmallExpensesUITestsLaunchTests.swift; sourceTree = "<group>"; };
		8C0C273E2C126E9800753F74 /* mockDB.db */ = {isa = PBXFileReference; lastKnownFileType = file; path = mockDB.db; sourceTree = "<group>"; };
/* End PBXFileReference section */

/* Begin PBXFrameworksBuildPhase section */
		8C0C27092C1269F400753F74 /* Frameworks */ = {
			isa = PBXFrameworksBuildPhase;
			buildActionMask = 2147483647;
			files = (
				8C0C273B2C126C8A00753F74 /* GRDB in Frameworks */,
			);
			runOnlyForDeploymentPostprocessing = 0;
		};
		8C0C27192C1269F700753F74 /* Frameworks */ = {
			isa = PBXFrameworksBuildPhase;
			buildActionMask = 2147483647;
			files = (
			);
			runOnlyForDeploymentPostprocessing = 0;
		};
		8C0C27232C1269F700753F74 /* Frameworks */ = {
			isa = PBXFrameworksBuildPhase;
			buildActionMask = 2147483647;
			files = (
			);
			runOnlyForDeploymentPostprocessing = 0;
		};
/* End PBXFrameworksBuildPhase section */

/* Begin PBXGroup section */
		8C0C27032C1269F400753F74 = {
			isa = PBXGroup;
			children = (
				8C0C270E2C1269F400753F74 /* SmallExpenses */,
				8C0C271F2C1269F700753F74 /* SmallExpensesTests */,
				8C0C27292C1269F700753F74 /* SmallExpensesUITests */,
				8C0C270D2C1269F400753F74 /* Products */,
			);
			sourceTree = "<group>";
		};
		8C0C270D2C1269F400753F74 /* Products */ = {
			isa = PBXGroup;
			children = (
				8C0C270C2C1269F400753F74 /* SmallExpenses.app */,
				8C0C271C2C1269F700753F74 /* SmallExpensesTests.xctest */,
				8C0C27262C1269F700753F74 /* SmallExpensesUITests.xctest */,
			);
			name = Products;
			sourceTree = "<group>";
		};
		8C0C270E2C1269F400753F74 /* SmallExpenses */ = {
			isa = PBXGroup;
			children = (
				8C0C27402C126F4A00753F74 /* Data */,
				8C0C270F2C1269F400753F74 /* SmallExpensesApp.swift */,
				8C0C27112C1269F400753F74 /* ContentView.swift */,
				8C0C27132C1269F700753F74 /* Assets.xcassets */,
				8C0C27152C1269F700753F74 /* Preview Content */,
			);
			path = SmallExpenses;
			sourceTree = "<group>";
		};
		8C0C27152C1269F700753F74 /* Preview Content */ = {
			isa = PBXGroup;
			children = (
				8C0C27162C1269F700753F74 /* Preview Assets.xcassets */,
			);
			path = "Preview Content";
			sourceTree = "<group>";
		};
		8C0C271F2C1269F700753F74 /* SmallExpensesTests */ = {
			isa = PBXGroup;
			children = (
				8C0C27202C1269F700753F74 /* SmallExpensesTests.swift */,
			);
			path = SmallExpensesTests;
			sourceTree = "<group>";
		};
		8C0C27292C1269F700753F74 /* SmallExpensesUITests */ = {
			isa = PBXGroup;
			children = (
				8C0C272A2C1269F700753F74 /* SmallExpensesUITests.swift */,
				8C0C272C2C1269F700753F74 /* SmallExpensesUITestsLaunchTests.swift */,
			);
			path = SmallExpensesUITests;
			sourceTree = "<group>";
		};
		8C0C27402C126F4A00753F74 /* Data */ = {
			isa = PBXGroup;
			children = (
				8C0C273E2C126E9800753F74 /* mockDB.db */,
			);
			path = Data;
			sourceTree = "<group>";
		};
/* End PBXGroup section */

/* Begin PBXNativeTarget section */
		8C0C270B2C1269F400753F74 /* SmallExpenses */ = {
			isa = PBXNativeTarget;
			buildConfigurationList = 8C0C27302C1269F700753F74 /* Build configuration list for PBXNativeTarget "SmallExpenses" */;
			buildPhases = (
				8C0C27082C1269F400753F74 /* Sources */,
				8C0C27092C1269F400753F74 /* Frameworks */,
				8C0C270A2C1269F400753F74 /* Resources */,
			);
			buildRules = (
			);
			dependencies = (
			);
			name = SmallExpenses;
			packageProductDependencies = (
				8C0C273A2C126C8A00753F74 /* GRDB */,
			);
			productName = SmallExpenses;
			productReference = 8C0C270C2C1269F400753F74 /* SmallExpenses.app */;
			productType = "com.apple.product-type.application";
		};
		8C0C271B2C1269F700753F74 /* SmallExpensesTests */ = {
			isa = PBXNativeTarget;
			buildConfigurationList = 8C0C27332C1269F700753F74 /* Build configuration list for PBXNativeTarget "SmallExpensesTests" */;
			buildPhases = (
				8C0C27182C1269F700753F74 /* Sources */,
				8C0C27192C1269F700753F74 /* Frameworks */,
				8C0C271A2C1269F700753F74 /* Resources */,
			);
			buildRules = (
			);
			dependencies = (
				8C0C271E2C1269F700753F74 /* PBXTargetDependency */,
			);
			name = SmallExpensesTests;
			productName = SmallExpensesTests;
			productReference = 8C0C271C2C1269F700753F74 /* SmallExpensesTests.xctest */;
			productType = "com.apple.product-type.bundle.unit-test";
		};
		8C0C27252C1269F700753F74 /* SmallExpensesUITests */ = {
			isa = PBXNativeTarget;
			buildConfigurationList = 8C0C27362C1269F700753F74 /* Build configuration list for PBXNativeTarget "SmallExpensesUITests" */;
			buildPhases = (
				8C0C27222C1269F700753F74 /* Sources */,
				8C0C27232C1269F700753F74 /* Frameworks */,
				8C0C27242C1269F700753F74 /* Resources */,
			);
			buildRules = (
			);
			dependencies = (
				8C0C27282C1269F700753F74 /* PBXTargetDependency */,
			);
			name = SmallExpensesUITests;
			productName = SmallExpensesUITests;
			productReference = 8C0C27262C1269F700753F74 /* SmallExpensesUITests.xctest */;
			productType = "com.apple.product-type.bundle.ui-testing";
		};
/* End PBXNativeTarget section */

/* Begin PBXProject section */
		8C0C27042C1269F400753F74 /* Project object */ = {
			isa = PBXProject;
			attributes = {
				BuildIndependentTargetsInParallel = 1;
				LastSwiftUpdateCheck = 1510;
				LastUpgradeCheck = 1510;
				TargetAttributes = {
					8C0C270B2C1269F400753F74 = {
						CreatedOnToolsVersion = 15.1;
					};
					8C0C271B2C1269F700753F74 = {
						CreatedOnToolsVersion = 15.1;
						TestTargetID = 8C0C270B2C1269F400753F74;
					};
					8C0C27252C1269F700753F74 = {
						CreatedOnToolsVersion = 15.1;
						TestTargetID = 8C0C270B2C1269F400753F74;
					};
				};
			};
			buildConfigurationList = 8C0C27072C1269F400753F74 /* Build configuration list for PBXProject "SmallExpenses" */;
			compatibilityVersion = "Xcode 14.0";
			developmentRegion = en;
			hasScannedForEncodings = 0;
			knownRegions = (
				en,
				Base,
			);
			mainGroup = 8C0C27032C1269F400753F74;
			packageReferences = (
				8C0C27392C126C8A00753F74 /* XCRemoteSwiftPackageReference "GRDB" */,
			);
			productRefGroup = 8C0C270D2C1269F400753F74 /* Products */;
			projectDirPath = "";
			projectRoot = "";
			targets = (
				8C0C270B2C1269F400753F74 /* SmallExpenses */,
				8C0C271B2C1269F700753F74 /* SmallExpensesTests */,
				8C0C27252C1269F700753F74 /* SmallExpensesUITests */,
			);
		};
/* End PBXProject section */

/* Begin PBXResourcesBuildPhase section */
		8C0C270A2C1269F400753F74 /* Resources */ = {
			isa = PBXResourcesBuildPhase;
			buildActionMask = 2147483647;
			files = (
				8C0C27172C1269F700753F74 /* Preview Assets.xcassets in Resources */,
				8C0C27142C1269F700753F74 /* Assets.xcassets in Resources */,
				8C0C273F2C126E9800753F74 /* mockDB.db in Resources */,
			);
			runOnlyForDeploymentPostprocessing = 0;
		};
		8C0C271A2C1269F700753F74 /* Resources */ = {
			isa = PBXResourcesBuildPhase;
			buildActionMask = 2147483647;
			files = (
			);
			runOnlyForDeploymentPostprocessing = 0;
		};
		8C0C27242C1269F700753F74 /* Resources */ = {
			isa = PBXResourcesBuildPhase;
			buildActionMask = 2147483647;
			files = (
			);
			runOnlyForDeploymentPostprocessing = 0;
		};
/* End PBXResourcesBuildPhase section */

/* Begin PBXSourcesBuildPhase section */
		8C0C27082C1269F400753F74 /* Sources */ = {
			isa = PBXSourcesBuildPhase;
			buildActionMask = 2147483647;
			files = (
				8C0C27122C1269F400753F74 /* ContentView.swift in Sources */,
				8C0C27102C1269F400753F74 /* SmallExpensesApp.swift in Sources */,
			);
			runOnlyForDeploymentPostprocessing = 0;
		};
		8C0C27182C1269F700753F74 /* Sources */ = {
			isa = PBXSourcesBuildPhase;
			buildActionMask = 2147483647;
			files = (
				8C0C27212C1269F700753F74 /* SmallExpensesTests.swift in Sources */,
			);
			runOnlyForDeploymentPostprocessing = 0;
		};
		8C0C27222C1269F700753F74 /* Sources */ = {
			isa = PBXSourcesBuildPhase;
			buildActionMask = 2147483647;
			files = (
				8C0C272B2C1269F700753F74 /* SmallExpensesUITests.swift in Sources */,
				8C0C272D2C1269F700753F74 /* SmallExpensesUITestsLaunchTests.swift in Sources */,
			);
			runOnlyForDeploymentPostprocessing = 0;
		};
/* End PBXSourcesBuildPhase section */

/* Begin PBXTargetDependency section */
		8C0C271E2C1269F700753F74 /* PBXTargetDependency */ = {
			isa = PBXTargetDependency;
			target = 8C0C270B2C1269F400753F74 /* SmallExpenses */;
			targetProxy = 8C0C271D2C1269F700753F74 /* PBXContainerItemProxy */;
		};
		8C0C27282C1269F700753F74 /* PBXTargetDependency */ = {
			isa = PBXTargetDependency;
			target = 8C0C270B2C1269F400753F74 /* SmallExpenses */;
			targetProxy = 8C0C27272C1269F700753F74 /* PBXContainerItemProxy */;
		};
/* End PBXTargetDependency section */

/* Begin XCBuildConfiguration section */
		8C0C272E2C1269F700753F74 /* Debug */ = {
			isa = XCBuildConfiguration;
			buildSettings = {
				ALWAYS_SEARCH_USER_PATHS = NO;
				ASSETCATALOG_COMPILER_GENERATE_SWIFT_ASSET_SYMBOL_EXTENSIONS = YES;
				CLANG_ANALYZER_NONNULL = YES;
				CLANG_ANALYZER_NUMBER_OBJECT_CONVERSION = YES_AGGRESSIVE;
				CLANG_CXX_LANGUAGE_STANDARD = "gnu++20";
				CLANG_ENABLE_MODULES = YES;
				CLANG_ENABLE_OBJC_ARC = YES;
				CLANG_ENABLE_OBJC_WEAK = YES;
				CLANG_WARN_BLOCK_CAPTURE_AUTORELEASING = YES;
				CLANG_WARN_BOOL_CONVERSION = YES;
				CLANG_WARN_COMMA = YES;
				CLANG_WARN_CONSTANT_CONVERSION = YES;
				CLANG_WARN_DEPRECATED_OBJC_IMPLEMENTATIONS = YES;
				CLANG_WARN_DIRECT_OBJC_ISA_USAGE = YES_ERROR;
				CLANG_WARN_DOCUMENTATION_COMMENTS = YES;
				CLANG_WARN_EMPTY_BODY = YES;
				CLANG_WARN_ENUM_CONVERSION = YES;
				CLANG_WARN_INFINITE_RECURSION = YES;
				CLANG_WARN_INT_CONVERSION = YES;
				CLANG_WARN_NON_LITERAL_NULL_CONVERSION = YES;
				CLANG_WARN_OBJC_IMPLICIT_RETAIN_SELF = YES;
				CLANG_WARN_OBJC_LITERAL_CONVERSION = YES;
				CLANG_WARN_OBJC_ROOT_CLASS = YES_ERROR;
				CLANG_WARN_QUOTED_INCLUDE_IN_FRAMEWORK_HEADER = YES;
				CLANG_WARN_RANGE_LOOP_ANALYSIS = YES;
				CLANG_WARN_STRICT_PROTOTYPES = YES;
				CLANG_WARN_SUSPICIOUS_MOVE = YES;
				CLANG_WARN_UNGUARDED_AVAILABILITY = YES_AGGRESSIVE;
				CLANG_WARN_UNREACHABLE_CODE = YES;
				CLANG_WARN__DUPLICATE_METHOD_MATCH = YES;
				COPY_PHASE_STRIP = NO;
				DEBUG_INFORMATION_FORMAT = dwarf;
				ENABLE_STRICT_OBJC_MSGSEND = YES;
				ENABLE_TESTABILITY = YES;
				ENABLE_USER_SCRIPT_SANDBOXING = YES;
				GCC_C_LANGUAGE_STANDARD = gnu17;
				GCC_DYNAMIC_NO_PIC = NO;
				GCC_NO_COMMON_BLOCKS = YES;
				GCC_OPTIMIZATION_LEVEL = 0;
				GCC_PREPROCESSOR_DEFINITIONS = (
					"DEBUG=1",
					"$(inherited)",
				);
				GCC_WARN_64_TO_32_BIT_CONVERSION = YES;
				GCC_WARN_ABOUT_RETURN_TYPE = YES_ERROR;
				GCC_WARN_UNDECLARED_SELECTOR = YES;
				GCC_WARN_UNINITIALIZED_AUTOS = YES_AGGRESSIVE;
				GCC_WARN_UNUSED_FUNCTION = YES;
				GCC_WARN_UNUSED_VARIABLE = YES;
				IPHONEOS_DEPLOYMENT_TARGET = 17.2;
				LOCALIZATION_PREFERS_STRING_CATALOGS = YES;
				MTL_ENABLE_DEBUG_INFO = INCLUDE_SOURCE;
				MTL_FAST_MATH = YES;
				ONLY_ACTIVE_ARCH = YES;
				SDKROOT = iphoneos;
				SWIFT_ACTIVE_COMPILATION_CONDITIONS = "DEBUG $(inherited)";
				SWIFT_OPTIMIZATION_LEVEL = "-Onone";
			};
			name = Debug;
		};
		8C0C272F2C1269F700753F74 /* Release */ = {
			isa = XCBuildConfiguration;
			buildSettings = {
				ALWAYS_SEARCH_USER_PATHS = NO;
				ASSETCATALOG_COMPILER_GENERATE_SWIFT_ASSET_SYMBOL_EXTENSIONS = YES;
				CLANG_ANALYZER_NONNULL = YES;
				CLANG_ANALYZER_NUMBER_OBJECT_CONVERSION = YES_AGGRESSIVE;
				CLANG_CXX_LANGUAGE_STANDARD = "gnu++20";
				CLANG_ENABLE_MODULES = YES;
				CLANG_ENABLE_OBJC_ARC = YES;
				CLANG_ENABLE_OBJC_WEAK = YES;
				CLANG_WARN_BLOCK_CAPTURE_AUTORELEASING = YES;
				CLANG_WARN_BOOL_CONVERSION = YES;
				CLANG_WARN_COMMA = YES;
				CLANG_WARN_CONSTANT_CONVERSION = YES;
				CLANG_WARN_DEPRECATED_OBJC_IMPLEMENTATIONS = YES;
				CLANG_WARN_DIRECT_OBJC_ISA_USAGE = YES_ERROR;
				CLANG_WARN_DOCUMENTATION_COMMENTS = YES;
				CLANG_WARN_EMPTY_BODY = YES;
				CLANG_WARN_ENUM_CONVERSION = YES;
				CLANG_WARN_INFINITE_RECURSION = YES;
				CLANG_WARN_INT_CONVERSION = YES;
				CLANG_WARN_NON_LITERAL_NULL_CONVERSION = YES;
				CLANG_WARN_OBJC_IMPLICIT_RETAIN_SELF = YES;
				CLANG_WARN_OBJC_LITERAL_CONVERSION = YES;
				CLANG_WARN_OBJC_ROOT_CLASS = YES_ERROR;
				CLANG_WARN_QUOTED_INCLUDE_IN_FRAMEWORK_HEADER = YES;
				CLANG_WARN_RANGE_LOOP_ANALYSIS = YES;
				CLANG_WARN_STRICT_PROTOTYPES = YES;
				CLANG_WARN_SUSPICIOUS_MOVE = YES;
				CLANG_WARN_UNGUARDED_AVAILABILITY = YES_AGGRESSIVE;
				CLANG_WARN_UNREACHABLE_CODE = YES;
				CLANG_WARN__DUPLICATE_METHOD_MATCH = YES;
				COPY_PHASE_STRIP = NO;
				DEBUG_INFORMATION_FORMAT = "dwarf-with-dsym";
				ENABLE_NS_ASSERTIONS = NO;
				ENABLE_STRICT_OBJC_MSGSEND = YES;
				ENABLE_USER_SCRIPT_SANDBOXING = YES;
				GCC_C_LANGUAGE_STANDARD = gnu17;
				GCC_NO_COMMON_BLOCKS = YES;
				GCC_WARN_64_TO_32_BIT_CONVERSION = YES;
				GCC_WARN_ABOUT_RETURN_TYPE = YES_ERROR;
				GCC_WARN_UNDECLARED_SELECTOR = YES;
				GCC_WARN_UNINITIALIZED_AUTOS = YES_AGGRESSIVE;
				GCC_WARN_UNUSED_FUNCTION = YES;
				GCC_WARN_UNUSED_VARIABLE = YES;
				IPHONEOS_DEPLOYMENT_TARGET = 17.2;
				LOCALIZATION_PREFERS_STRING_CATALOGS = YES;
				MTL_ENABLE_DEBUG_INFO = NO;
				MTL_FAST_MATH = YES;
				SDKROOT = iphoneos;
				SWIFT_COMPILATION_MODE = wholemodule;
				VALIDATE_PRODUCT = YES;
			};
			name = Release;
		};
		8C0C27312C1269F700753F74 /* Debug */ = {
			isa = XCBuildConfiguration;
			buildSettings = {
				ASSETCATALOG_COMPILER_APPICON_NAME = AppIcon;
				ASSETCATALOG_COMPILER_GLOBAL_ACCENT_COLOR_NAME = AccentColor;
				CODE_SIGN_STYLE = Automatic;
				CURRENT_PROJECT_VERSION = 1;
				DEVELOPMENT_ASSET_PATHS = "\"SmallExpenses/Preview Content\"";
				DEVELOPMENT_TEAM = G9GA2SY6ZS;
				ENABLE_PREVIEWS = YES;
				GENERATE_INFOPLIST_FILE = YES;
				INFOPLIST_KEY_UIApplicationSceneManifest_Generation = YES;
				INFOPLIST_KEY_UIApplicationSupportsIndirectInputEvents = YES;
				INFOPLIST_KEY_UILaunchScreen_Generation = YES;
				INFOPLIST_KEY_UISupportedInterfaceOrientations_iPad = "UIInterfaceOrientationPortrait UIInterfaceOrientationPortraitUpsideDown UIInterfaceOrientationLandscapeLeft UIInterfaceOrientationLandscapeRight";
				INFOPLIST_KEY_UISupportedInterfaceOrientations_iPhone = "UIInterfaceOrientationPortrait UIInterfaceOrientationLandscapeLeft UIInterfaceOrientationLandscapeRight";
				LD_RUNPATH_SEARCH_PATHS = (
					"$(inherited)",
					"@executable_path/Frameworks",
				);
				MARKETING_VERSION = 1.0;
				PRODUCT_BUNDLE_IDENTIFIER = li.kein.SmallExpenses;
				PRODUCT_NAME = "$(TARGET_NAME)";
				SWIFT_EMIT_LOC_STRINGS = YES;
				SWIFT_VERSION = 5.0;
				TARGETED_DEVICE_FAMILY = "1,2";
			};
			name = Debug;
		};
		8C0C27322C1269F700753F74 /* Release */ = {
			isa = XCBuildConfiguration;
			buildSettings = {
				ASSETCATALOG_COMPILER_APPICON_NAME = AppIcon;
				ASSETCATALOG_COMPILER_GLOBAL_ACCENT_COLOR_NAME = AccentColor;
				CODE_SIGN_STYLE = Automatic;
				CURRENT_PROJECT_VERSION = 1;
				DEVELOPMENT_ASSET_PATHS = "\"SmallExpenses/Preview Content\"";
				DEVELOPMENT_TEAM = G9GA2SY6ZS;
				ENABLE_PREVIEWS = YES;
				GENERATE_INFOPLIST_FILE = YES;
				INFOPLIST_KEY_UIApplicationSceneManifest_Generation = YES;
				INFOPLIST_KEY_UIApplicationSupportsIndirectInputEvents = YES;
				INFOPLIST_KEY_UILaunchScreen_Generation = YES;
				INFOPLIST_KEY_UISupportedInterfaceOrientations_iPad = "UIInterfaceOrientationPortrait UIInterfaceOrientationPortraitUpsideDown UIInterfaceOrientationLandscapeLeft UIInterfaceOrientationLandscapeRight";
				INFOPLIST_KEY_UISupportedInterfaceOrientations_iPhone = "UIInterfaceOrientationPortrait UIInterfaceOrientationLandscapeLeft UIInterfaceOrientationLandscapeRight";
				LD_RUNPATH_SEARCH_PATHS = (
					"$(inherited)",
					"@executable_path/Frameworks",
				);
				MARKETING_VERSION = 1.0;
				PRODUCT_BUNDLE_IDENTIFIER = li.kein.SmallExpenses;
				PRODUCT_NAME = "$(TARGET_NAME)";
				SWIFT_EMIT_LOC_STRINGS = YES;
				SWIFT_VERSION = 5.0;
				TARGETED_DEVICE_FAMILY = "1,2";
			};
			name = Release;
		};
		8C0C27342C1269F700753F74 /* Debug */ = {
			isa = XCBuildConfiguration;
			buildSettings = {
				ALWAYS_EMBED_SWIFT_STANDARD_LIBRARIES = YES;
				BUNDLE_LOADER = "$(TEST_HOST)";
				CODE_SIGN_STYLE = Automatic;
				CURRENT_PROJECT_VERSION = 1;
				DEVELOPMENT_TEAM = G9GA2SY6ZS;
				GENERATE_INFOPLIST_FILE = YES;
				IPHONEOS_DEPLOYMENT_TARGET = 17.2;
				MARKETING_VERSION = 1.0;
				PRODUCT_BUNDLE_IDENTIFIER = li.kein.SmallExpensesTests;
				PRODUCT_NAME = "$(TARGET_NAME)";
				SWIFT_EMIT_LOC_STRINGS = NO;
				SWIFT_VERSION = 5.0;
				TARGETED_DEVICE_FAMILY = "1,2";
				TEST_HOST = "$(BUILT_PRODUCTS_DIR)/SmallExpenses.app/$(BUNDLE_EXECUTABLE_FOLDER_PATH)/SmallExpenses";
			};
			name = Debug;
		};
		8C0C27352C1269F700753F74 /* Release */ = {
			isa = XCBuildConfiguration;
			buildSettings = {
				ALWAYS_EMBED_SWIFT_STANDARD_LIBRARIES = YES;
				BUNDLE_LOADER = "$(TEST_HOST)";
				CODE_SIGN_STYLE = Automatic;
				CURRENT_PROJECT_VERSION = 1;
				DEVELOPMENT_TEAM = G9GA2SY6ZS;
				GENERATE_INFOPLIST_FILE = YES;
				IPHONEOS_DEPLOYMENT_TARGET = 17.2;
				MARKETING_VERSION = 1.0;
				PRODUCT_BUNDLE_IDENTIFIER = li.kein.SmallExpensesTests;
				PRODUCT_NAME = "$(TARGET_NAME)";
				SWIFT_EMIT_LOC_STRINGS = NO;
				SWIFT_VERSION = 5.0;
				TARGETED_DEVICE_FAMILY = "1,2";
				TEST_HOST = "$(BUILT_PRODUCTS_DIR)/SmallExpenses.app/$(BUNDLE_EXECUTABLE_FOLDER_PATH)/SmallExpenses";
			};
			name = Release;
		};
		8C0C27372C1269F700753F74 /* Debug */ = {
			isa = XCBuildConfiguration;
			buildSettings = {
				ALWAYS_EMBED_SWIFT_STANDARD_LIBRARIES = YES;
				CODE_SIGN_STYLE = Automatic;
				CURRENT_PROJECT_VERSION = 1;
				DEVELOPMENT_TEAM = G9GA2SY6ZS;
				GENERATE_INFOPLIST_FILE = YES;
				MARKETING_VERSION = 1.0;
				PRODUCT_BUNDLE_IDENTIFIER = li.kein.SmallExpensesUITests;
				PRODUCT_NAME = "$(TARGET_NAME)";
				SWIFT_EMIT_LOC_STRINGS = NO;
				SWIFT_VERSION = 5.0;
				TARGETED_DEVICE_FAMILY = "1,2";
				TEST_TARGET_NAME = SmallExpenses;
			};
			name = Debug;
		};
		8C0C27382C1269F700753F74 /* Release */ = {
			isa = XCBuildConfiguration;
			buildSettings = {
				ALWAYS_EMBED_SWIFT_STANDARD_LIBRARIES = YES;
				CODE_SIGN_STYLE = Automatic;
				CURRENT_PROJECT_VERSION = 1;
				DEVELOPMENT_TEAM = G9GA2SY6ZS;
				GENERATE_INFOPLIST_FILE = YES;
				MARKETING_VERSION = 1.0;
				PRODUCT_BUNDLE_IDENTIFIER = li.kein.SmallExpensesUITests;
				PRODUCT_NAME = "$(TARGET_NAME)";
				SWIFT_EMIT_LOC_STRINGS = NO;
				SWIFT_VERSION = 5.0;
				TARGETED_DEVICE_FAMILY = "1,2";
				TEST_TARGET_NAME = SmallExpenses;
			};
			name = Release;
		};
/* End XCBuildConfiguration section */

/* Begin XCConfigurationList section */
		8C0C27072C1269F400753F74 /* Build configuration list for PBXProject "SmallExpenses" */ = {
			isa = XCConfigurationList;
			buildConfigurations = (
				8C0C272E2C1269F700753F74 /* Debug */,
				8C0C272F2C1269F700753F74 /* Release */,
			);
			defaultConfigurationIsVisible = 0;
			defaultConfigurationName = Release;
		};
		8C0C27302C1269F700753F74 /* Build configuration list for PBXNativeTarget "SmallExpenses" */ = {
			isa = XCConfigurationList;
			buildConfigurations = (
				8C0C27312C1269F700753F74 /* Debug */,
				8C0C27322C1269F700753F74 /* Release */,
			);
			defaultConfigurationIsVisible = 0;
			defaultConfigurationName = Release;
		};
		8C0C27332C1269F700753F74 /* Build configuration list for PBXNativeTarget "SmallExpensesTests" */ = {
			isa = XCConfigurationList;
			buildConfigurations = (
				8C0C27342C1269F700753F74 /* Debug */,
				8C0C27352C1269F700753F74 /* Release */,
			);
			defaultConfigurationIsVisible = 0;
			defaultConfigurationName = Release;
		};
		8C0C27362C1269F700753F74 /* Build configuration list for PBXNativeTarget "SmallExpensesUITests" */ = {
			isa = XCConfigurationList;
			buildConfigurations = (
				8C0C27372C1269F700753F74 /* Debug */,
				8C0C27382C1269F700753F74 /* Release */,
			);
			defaultConfigurationIsVisible = 0;
			defaultConfigurationName = Release;
		};
/* End XCConfigurationList section */

/* Begin XCRemoteSwiftPackageReference section */
		8C0C27392C126C8A00753F74 /* XCRemoteSwiftPackageReference "GRDB" */ = {
			isa = XCRemoteSwiftPackageReference;
			repositoryURL = "https://github.com/groue/GRDB.swift";
			requirement = {
				branch = master;
				kind = branch;
			};
		};
/* End XCRemoteSwiftPackageReference section */

/* Begin XCSwiftPackageProductDependency section */
		8C0C273A2C126C8A00753F74 /* GRDB */ = {
			isa = XCSwiftPackageProductDependency;
			package = 8C0C27392C126C8A00753F74 /* XCRemoteSwiftPackageReference "GRDB" */;
			productName = GRDB;
		};
/* End XCSwiftPackageProductDependency section */
	};
	rootObject = 8C0C27042C1269F400753F74 /* Project object */;
}
